// !$*UTF8*$!
{
	archiveVersion = 1;
	classes = {
	};
	objectVersion = 42;
	objects = {

/* Begin PBXAppleScriptBuildPhase section */
		7960EDF00D00DB6E00BD62A1 /* AppleScript */ = {
			isa = PBXAppleScriptBuildPhase;
			buildActionMask = 2147483647;
			contextName = "";
			files = (
				7960EDF20D00DB7400BD62A1 /* SafariSessionSaver.applescript in AppleScript */,
			);
			isSharedContext = 0;
			runOnlyForDeploymentPostprocessing = 0;
		};
/* End PBXAppleScriptBuildPhase section */

/* Begin PBXBuildFile section */
		770B37ED0679A11B001EADE2 /* SafariSessionSaver_DataModel.xcdatamodel in Sources */ = {isa = PBXBuildFile; fileRef = 770B37EC0679A11B001EADE2 /* SafariSessionSaver_DataModel.xcdatamodel */; };
		77C8280E06725ACE000B614F /* SafariSessionSaver_AppDelegate.m in Sources */ = {isa = PBXBuildFile; fileRef = 77C8280C06725ACE000B614F /* SafariSessionSaver_AppDelegate.m */; };
		7960EDF20D00DB7400BD62A1 /* SafariSessionSaver.applescript in AppleScript */ = {isa = PBXBuildFile; fileRef = 7960EDEF0D00DB6700BD62A1 /* SafariSessionSaver.applescript */; settings = {ATTRIBUTES = (Debug, ); }; };
		7960EE150D00DBD700BD62A1 /* NSAppleScript+CallHandler.m in Sources */ = {isa = PBXBuildFile; fileRef = 7960EE130D00DBD700BD62A1 /* NSAppleScript+CallHandler.m */; };
		7960EE180D00DBF800BD62A1 /* Carbon.framework in Frameworks */ = {isa = PBXBuildFile; fileRef = 7960EE170D00DBF800BD62A1 /* Carbon.framework */; };
		7960EE870D00E21300BD62A1 /* NSTableView+CocoaBindingsDeleteKey.m in Sources */ = {isa = PBXBuildFile; fileRef = 7960EE860D00E21300BD62A1 /* NSTableView+CocoaBindingsDeleteKey.m */; };
		79672240114F448F00F4596F /* PageMO.m in Sources */ = {isa = PBXBuildFile; fileRef = 7967223F114F448F00F4596F /* PageMO.m */; };
		79672242114F448F00F4596F /* SessionMO.m in Sources */ = {isa = PBXBuildFile; fileRef = 79672241114F448F00F4596F /* SessionMO.m */; };
		79672246114F448F00F4596F /* _PageMO.m in Sources */ = {isa = PBXBuildFile; fileRef = 79672245114F448F00F4596F /* _PageMO.m */; };
		79672248114F449000F4596F /* _SessionMO.m in Sources */ = {isa = PBXBuildFile; fileRef = 79672247114F449000F4596F /* _SessionMO.m */; };
		799339E111506FEF00C7DE31 /* safarisaver.icns in Resources */ = {isa = PBXBuildFile; fileRef = 799339E011506FEF00C7DE31 /* safarisaver.icns */; };
		8D11072A0486CEB800E47090 /* MainMenu.nib in Resources */ = {isa = PBXBuildFile; fileRef = 29B97318FDCFA39411CA2CEA /* MainMenu.nib */; };
		8D11072B0486CEB800E47090 /* InfoPlist.strings in Resources */ = {isa = PBXBuildFile; fileRef = 089C165CFE840E0CC02AAC07 /* InfoPlist.strings */; };
		8D11072D0486CEB800E47090 /* main.m in Sources */ = {isa = PBXBuildFile; fileRef = 29B97316FDCFA39411CA2CEA /* main.m */; settings = {ATTRIBUTES = (); }; };
		8D11072F0486CEB800E47090 /* Cocoa.framework in Frameworks */ = {isa = PBXBuildFile; fileRef = 1058C7A1FEA54F0111CA2CBB /* Cocoa.framework */; };
/* End PBXBuildFile section */

/* Begin PBXFileReference section */
		089C165DFE840E0CC02AAC07 /* English */ = {isa = PBXFileReference; fileEncoding = 10; lastKnownFileType = text.plist.strings; name = English; path = English.lproj/InfoPlist.strings; sourceTree = "<group>"; };
		1058C7A1FEA54F0111CA2CBB /* Cocoa.framework */ = {isa = PBXFileReference; lastKnownFileType = wrapper.framework; name = Cocoa.framework; path = /System/Library/Frameworks/Cocoa.framework; sourceTree = "<absolute>"; };
		29B97316FDCFA39411CA2CEA /* main.m */ = {isa = PBXFileReference; fileEncoding = 4; lastKnownFileType = sourcecode.c.objc; path = main.m; sourceTree = "<group>"; };
		29B97319FDCFA39411CA2CEA /* English */ = {isa = PBXFileReference; lastKnownFileType = wrapper.nib; name = English; path = English.lproj/MainMenu.nib; sourceTree = "<group>"; };
		29B97324FDCFA39411CA2CEA /* AppKit.framework */ = {isa = PBXFileReference; lastKnownFileType = wrapper.framework; name = AppKit.framework; path = /System/Library/Frameworks/AppKit.framework; sourceTree = "<absolute>"; };
		29B97325FDCFA39411CA2CEA /* Foundation.framework */ = {isa = PBXFileReference; lastKnownFileType = wrapper.framework; name = Foundation.framework; path = /System/Library/Frameworks/Foundation.framework; sourceTree = "<absolute>"; };
		32CA4F630368D1EE00C91783 /* SafariSessionSaver_Prefix.pch */ = {isa = PBXFileReference; fileEncoding = 4; lastKnownFileType = sourcecode.c.h; path = SafariSessionSaver_Prefix.pch; sourceTree = "<group>"; };
		770B37EC0679A11B001EADE2 /* SafariSessionSaver_DataModel.xcdatamodel */ = {isa = PBXFileReference; comments = xmod; fileEncoding = 4; lastKnownFileType = wrapper.xcdatamodel; path = SafariSessionSaver_DataModel.xcdatamodel; sourceTree = "<group>"; };
		77C82804067257F0000B614F /* CoreData.framework */ = {isa = PBXFileReference; lastKnownFileType = wrapper.framework; name = CoreData.framework; path = /System/Library/Frameworks/CoreData.framework; sourceTree = "<absolute>"; };
		77C8280B06725ACE000B614F /* SafariSessionSaver_AppDelegate.h */ = {isa = PBXFileReference; fileEncoding = 4; lastKnownFileType = sourcecode.c.h; path = SafariSessionSaver_AppDelegate.h; sourceTree = "<group>"; };
		77C8280C06725ACE000B614F /* SafariSessionSaver_AppDelegate.m */ = {isa = PBXFileReference; fileEncoding = 4; lastKnownFileType = sourcecode.c.objc; path = SafariSessionSaver_AppDelegate.m; sourceTree = "<group>"; };
		7960EDEF0D00DB6700BD62A1 /* SafariSessionSaver.applescript */ = {isa = PBXFileReference; fileEncoding = 30; lastKnownFileType = sourcecode.applescript; path = SafariSessionSaver.applescript; sourceTree = "<group>"; };
		7960EE130D00DBD700BD62A1 /* NSAppleScript+CallHandler.m */ = {isa = PBXFileReference; fileEncoding = 30; lastKnownFileType = sourcecode.c.objc; path = "NSAppleScript+CallHandler.m"; sourceTree = "<group>"; };
		7960EE140D00DBD700BD62A1 /* NSAppleScript+CallHandler.h */ = {isa = PBXFileReference; fileEncoding = 30; lastKnownFileType = sourcecode.c.h; path = "NSAppleScript+CallHandler.h"; sourceTree = "<group>"; };
		7960EE170D00DBF800BD62A1 /* Carbon.framework */ = {isa = PBXFileReference; lastKnownFileType = wrapper.framework; name = Carbon.framework; path = /System/Library/Frameworks/Carbon.framework; sourceTree = "<absolute>"; };
		7960EE1E0D00DCA000BD62A1 /* nsenumerate.h */ = {isa = PBXFileReference; fileEncoding = 30; lastKnownFileType = sourcecode.c.h; path = nsenumerate.h; sourceTree = "<group>"; };
		7960EE860D00E21300BD62A1 /* NSTableView+CocoaBindingsDeleteKey.m */ = {isa = PBXFileReference; fileEncoding = 30; lastKnownFileType = sourcecode.c.objc; path = "NSTableView+CocoaBindingsDeleteKey.m"; sourceTree = "<group>"; };
		7967223F114F448F00F4596F /* PageMO.m */ = {isa = PBXFileReference; lastKnownFileType = sourcecode.c.objc; path = PageMO.m; sourceTree = "<group>"; };
		79672241114F448F00F4596F /* SessionMO.m */ = {isa = PBXFileReference; lastKnownFileType = sourcecode.c.objc; path = SessionMO.m; sourceTree = "<group>"; };
		79672243114F448F00F4596F /* PageMO.h */ = {isa = PBXFileReference; lastKnownFileType = sourcecode.c.h; path = PageMO.h; sourceTree = "<group>"; };
		79672244114F448F00F4596F /* SessionMO.h */ = {isa = PBXFileReference; lastKnownFileType = sourcecode.c.h; path = SessionMO.h; sourceTree = "<group>"; };
		79672245114F448F00F4596F /* _PageMO.m */ = {isa = PBXFileReference; lastKnownFileType = sourcecode.c.objc; path = _PageMO.m; sourceTree = "<group>"; };
		79672247114F449000F4596F /* _SessionMO.m */ = {isa = PBXFileReference; lastKnownFileType = sourcecode.c.objc; path = _SessionMO.m; sourceTree = "<group>"; };
		79672249114F449000F4596F /* _PageMO.h */ = {isa = PBXFileReference; lastKnownFileType = sourcecode.c.h; path = _PageMO.h; sourceTree = "<group>"; };
		7967224A114F449000F4596F /* _SessionMO.h */ = {isa = PBXFileReference; lastKnownFileType = sourcecode.c.h; path = _SessionMO.h; sourceTree = "<group>"; };
		799339E011506FEF00C7DE31 /* safarisaver.icns */ = {isa = PBXFileReference; lastKnownFileType = image.icns; path = safarisaver.icns; sourceTree = "<group>"; };
		8D1107310486CEB800E47090 /* Info.plist */ = {isa = PBXFileReference; fileEncoding = 4; lastKnownFileType = text.plist; path = Info.plist; sourceTree = "<group>"; };
		8D1107320486CEB800E47090 /* SafariSessionSaver.app */ = {isa = PBXFileReference; explicitFileType = wrapper.application; includeInIndex = 0; path = SafariSessionSaver.app; sourceTree = BUILT_PRODUCTS_DIR; };
/* End PBXFileReference section */

/* Begin PBXFrameworksBuildPhase section */
		8D11072E0486CEB800E47090 /* Frameworks */ = {
			isa = PBXFrameworksBuildPhase;
			buildActionMask = 2147483647;
			files = (
				8D11072F0486CEB800E47090 /* Cocoa.framework in Frameworks */,
				7960EE180D00DBF800BD62A1 /* Carbon.framework in Frameworks */,
			);
			runOnlyForDeploymentPostprocessing = 0;
		};
/* End PBXFrameworksBuildPhase section */

/* Begin PBXGroup section */
		080E96DDFE201D6D7F000001 /* Classes */ = {
			isa = PBXGroup;
			children = (
				77C8280B06725ACE000B614F /* SafariSessionSaver_AppDelegate.h */,
				77C8280C06725ACE000B614F /* SafariSessionSaver_AppDelegate.m */,
				7960EE860D00E21300BD62A1 /* NSTableView+CocoaBindingsDeleteKey.m */,
				7960EE130D00DBD700BD62A1 /* NSAppleScript+CallHandler.m */,
				7960EE140D00DBD700BD62A1 /* NSAppleScript+CallHandler.h */,
			);
			name = Classes;
			sourceTree = "<group>";
		};
		1058C7A0FEA54F0111CA2CBB /* Linked Frameworks */ = {
			isa = PBXGroup;
			children = (
				7960EE170D00DBF800BD62A1 /* Carbon.framework */,
				1058C7A1FEA54F0111CA2CBB /* Cocoa.framework */,
			);
			name = "Linked Frameworks";
			sourceTree = "<group>";
		};
		1058C7A2FEA54F0111CA2CBB /* Other Frameworks */ = {
			isa = PBXGroup;
			children = (
				77C82804067257F0000B614F /* CoreData.framework */,
				29B97325FDCFA39411CA2CEA /* Foundation.framework */,
				29B97324FDCFA39411CA2CEA /* AppKit.framework */,
			);
			name = "Other Frameworks";
			sourceTree = "<group>";
		};
		19C28FACFE9D520D11CA2CBB /* Products */ = {
			isa = PBXGroup;
			children = (
				8D1107320486CEB800E47090 /* SafariSessionSaver.app */,
			);
			name = Products;
			sourceTree = "<group>";
		};
		29B97314FDCFA39411CA2CEA /* SafariSessionSaver */ = {
			isa = PBXGroup;
			children = (
				7756732906782D8800D1FEB8 /* Models */,
				080E96DDFE201D6D7F000001 /* Classes */,
				29B97315FDCFA39411CA2CEA /* Other Sources */,
				29B97317FDCFA39411CA2CEA /* Resources */,
				29B97323FDCFA39411CA2CEA /* Frameworks */,
				19C28FACFE9D520D11CA2CBB /* Products */,
			);
			name = SafariSessionSaver;
			sourceTree = "<group>";
		};
		29B97315FDCFA39411CA2CEA /* Other Sources */ = {
			isa = PBXGroup;
			children = (
				7960EE1E0D00DCA000BD62A1 /* nsenumerate.h */,
				32CA4F630368D1EE00C91783 /* SafariSessionSaver_Prefix.pch */,
				29B97316FDCFA39411CA2CEA /* main.m */,
			);
			name = "Other Sources";
			sourceTree = "<group>";
		};
		29B97317FDCFA39411CA2CEA /* Resources */ = {
			isa = PBXGroup;
			children = (
				799339E011506FEF00C7DE31 /* safarisaver.icns */,
				7960EDEF0D00DB6700BD62A1 /* SafariSessionSaver.applescript */,
				8D1107310486CEB800E47090 /* Info.plist */,
				089C165CFE840E0CC02AAC07 /* InfoPlist.strings */,
				29B97318FDCFA39411CA2CEA /* MainMenu.nib */,
			);
			name = Resources;
			sourceTree = "<group>";
		};
		29B97323FDCFA39411CA2CEA /* Frameworks */ = {
			isa = PBXGroup;
			children = (
				1058C7A0FEA54F0111CA2CBB /* Linked Frameworks */,
				1058C7A2FEA54F0111CA2CBB /* Other Frameworks */,
			);
			name = Frameworks;
			sourceTree = "<group>";
		};
		7756732906782D8800D1FEB8 /* Models */ = {
			isa = PBXGroup;
			children = (
				770B37EC0679A11B001EADE2 /* SafariSessionSaver_DataModel.xcdatamodel */,
				7960EDD70D00D5EA00BD62A1 /* SafariSessionSaver_DataModel */,
			);
			name = Models;
			sourceTree = "<group>";
		};
		7960EDD70D00D5EA00BD62A1 /* SafariSessionSaver_DataModel */ = {
			isa = PBXGroup;
			children = (
				7967223F114F448F00F4596F /* PageMO.m */,
				79672241114F448F00F4596F /* SessionMO.m */,
				79672243114F448F00F4596F /* PageMO.h */,
				79672244114F448F00F4596F /* SessionMO.h */,
				79672245114F448F00F4596F /* _PageMO.m */,
				79672247114F449000F4596F /* _SessionMO.m */,
				79672249114F449000F4596F /* _PageMO.h */,
				7967224A114F449000F4596F /* _SessionMO.h */,
			);
			path = SafariSessionSaver_DataModel;
			sourceTree = "<group>";
		};
/* End PBXGroup section */

/* Begin PBXNativeTarget section */
		8D1107260486CEB800E47090 /* SafariSessionSaver */ = {
			isa = PBXNativeTarget;
			buildConfigurationList = 26FC0A840875C7B200E6366F /* Build configuration list for PBXNativeTarget "SafariSessionSaver" */;
			buildPhases = (
				8D1107290486CEB800E47090 /* Resources */,
				8D11072C0486CEB800E47090 /* Sources */,
				8D11072E0486CEB800E47090 /* Frameworks */,
				7960EDF00D00DB6E00BD62A1 /* AppleScript */,
			);
			buildRules = (
			);
			dependencies = (
			);
			name = SafariSessionSaver;
			productInstallPath = "$(HOME)/Applications";
			productName = SafariSessionSaver;
			productReference = 8D1107320486CEB800E47090 /* SafariSessionSaver.app */;
			productType = "com.apple.product-type.application";
		};
/* End PBXNativeTarget section */

/* Begin PBXProject section */
		29B97313FDCFA39411CA2CEA /* Project object */ = {
			isa = PBXProject;
			buildConfigurationList = 26FC0A880875C7B200E6366F /* Build configuration list for PBXProject "SafariSessionSaver" */;
			compatibilityVersion = "Xcode 2.4";
			hasScannedForEncodings = 1;
			mainGroup = 29B97314FDCFA39411CA2CEA /* SafariSessionSaver */;
			projectDirPath = "";
			projectRoot = "";
			targets = (
				8D1107260486CEB800E47090 /* SafariSessionSaver */,
			);
		};
/* End PBXProject section */

/* Begin PBXResourcesBuildPhase section */
		8D1107290486CEB800E47090 /* Resources */ = {
			isa = PBXResourcesBuildPhase;
			buildActionMask = 2147483647;
			files = (
				8D11072A0486CEB800E47090 /* MainMenu.nib in Resources */,
				8D11072B0486CEB800E47090 /* InfoPlist.strings in Resources */,
				799339E111506FEF00C7DE31 /* safarisaver.icns in Resources */,
			);
			runOnlyForDeploymentPostprocessing = 0;
		};
/* End PBXResourcesBuildPhase section */

/* Begin PBXSourcesBuildPhase section */
		8D11072C0486CEB800E47090 /* Sources */ = {
			isa = PBXSourcesBuildPhase;
			buildActionMask = 2147483647;
			files = (
				8D11072D0486CEB800E47090 /* main.m in Sources */,
				77C8280E06725ACE000B614F /* SafariSessionSaver_AppDelegate.m in Sources */,
				770B37ED0679A11B001EADE2 /* SafariSessionSaver_DataModel.xcdatamodel in Sources */,
				7960EE150D00DBD700BD62A1 /* NSAppleScript+CallHandler.m in Sources */,
				7960EE870D00E21300BD62A1 /* NSTableView+CocoaBindingsDeleteKey.m in Sources */,
				79672240114F448F00F4596F /* PageMO.m in Sources */,
				79672242114F448F00F4596F /* SessionMO.m in Sources */,
				79672246114F448F00F4596F /* _PageMO.m in Sources */,
				79672248114F449000F4596F /* _SessionMO.m in Sources */,
			);
			runOnlyForDeploymentPostprocessing = 0;
		};
/* End PBXSourcesBuildPhase section */

/* Begin PBXVariantGroup section */
		089C165CFE840E0CC02AAC07 /* InfoPlist.strings */ = {
			isa = PBXVariantGroup;
			children = (
				089C165DFE840E0CC02AAC07 /* English */,
			);
			name = InfoPlist.strings;
			sourceTree = "<group>";
		};
		29B97318FDCFA39411CA2CEA /* MainMenu.nib */ = {
			isa = PBXVariantGroup;
			children = (
				29B97319FDCFA39411CA2CEA /* English */,
			);
			name = MainMenu.nib;
			sourceTree = "<group>";
		};
/* End PBXVariantGroup section */

/* Begin XCBuildConfiguration section */
		26FC0A850875C7B200E6366F /* Debug */ = {
			isa = XCBuildConfiguration;
			buildSettings = {
				COPY_PHASE_STRIP = NO;
				GCC_DYNAMIC_NO_PIC = NO;
				GCC_ENABLE_FIX_AND_CONTINUE = YES;
				GCC_ENABLE_OBJC_EXCEPTIONS = YES;
				GCC_MODEL_TUNING = G5;
				GCC_OPTIMIZATION_LEVEL = 0;
				GCC_PRECOMPILE_PREFIX_HEADER = YES;
				GCC_PREFIX_HEADER = SafariSessionSaver_Prefix.pch;
				INFOPLIST_FILE = Info.plist;
				INSTALL_PATH = "$(HOME)/Applications";
				PRODUCT_NAME = SafariSessionSaver;
				WRAPPER_EXTENSION = app;
				ZERO_LINK = YES;
			};
			name = Debug;
		};
		26FC0A860875C7B200E6366F /* Release */ = {
			isa = XCBuildConfiguration;
			buildSettings = {
				ARCHS = (
					ppc,
					i386,
				);
				GCC_ENABLE_OBJC_EXCEPTIONS = YES;
				GCC_GENERATE_DEBUGGING_SYMBOLS = NO;
				GCC_MODEL_TUNING = G5;
				GCC_PRECOMPILE_PREFIX_HEADER = YES;
				GCC_PREFIX_HEADER = SafariSessionSaver_Prefix.pch;
				INFOPLIST_FILE = Info.plist;
				INSTALL_PATH = "$(HOME)/Applications";
				PRODUCT_NAME = SafariSessionSaver;
				WRAPPER_EXTENSION = app;
			};
			name = Release;
		};
		26FC0A890875C7B200E6366F /* Debug */ = {
			isa = XCBuildConfiguration;
			buildSettings = {
				GCC_C_LANGUAGE_STANDARD = gnu99;
				GCC_WARN_ABOUT_RETURN_TYPE = YES;
				GCC_WARN_UNUSED_VARIABLE = YES;
				PREBINDING = NO;
				SDKROOT = /Developer/SDKs/MacOSX10.5.sdk;
			};
			name = Debug;
		};
		26FC0A8A0875C7B200E6366F /* Release */ = {
			isa = XCBuildConfiguration;
			buildSettings = {
				GCC_C_LANGUAGE_STANDARD = gnu99;
				GCC_WARN_ABOUT_RETURN_TYPE = YES;
				GCC_WARN_UNUSED_VARIABLE = YES;
				PREBINDING = NO;
				SDKROOT = /Developer/SDKs/MacOSX10.5.sdk;
			};
			name = Release;
		};
/* End XCBuildConfiguration section */

/* Begin XCConfigurationList section */
		26FC0A840875C7B200E6366F /* Build configuration list for PBXNativeTarget "SafariSessionSaver" */ = {
			isa = XCConfigurationList;
			buildConfigurations = (
				26FC0A850875C7B200E6366F /* Debug */,
				26FC0A860875C7B200E6366F /* Release */,
			);
			defaultConfigurationIsVisible = 0;
			defaultConfigurationName = Release;
		};
		26FC0A880875C7B200E6366F /* Build configuration list for PBXProject "SafariSessionSaver" */ = {
			isa = XCConfigurationList;
			buildConfigurations = (
				26FC0A890875C7B200E6366F /* Debug */,
				26FC0A8A0875C7B200E6366F /* Release */,
			);
			defaultConfigurationIsVisible = 0;
			defaultConfigurationName = Release;
		};
/* End XCConfigurationList section */
	};
	rootObject = 29B97313FDCFA39411CA2CEA /* Project object */;
}
